// !$*UTF8*$!
{
	archiveVersion = 1;
	classes = {
	};
	objectVersion = 46;
	objects = {

/* Begin PBXBuildFile section */
		6B62BA6F1A035A630021C5C4 /* AppDelegate.swift in Sources */ = {isa = PBXBuildFile; fileRef = 6B62BA6E1A035A630021C5C4 /* AppDelegate.swift */; };
		6B62BA711A035A630021C5C4 /* ViewController.swift in Sources */ = {isa = PBXBuildFile; fileRef = 6B62BA701A035A630021C5C4 /* ViewController.swift */; };
		6B62BA741A035A630021C5C4 /* Main.storyboard in Resources */ = {isa = PBXBuildFile; fileRef = 6B62BA721A035A630021C5C4 /* Main.storyboard */; };
		6B62BA761A035A630021C5C4 /* Images.xcassets in Resources */ = {isa = PBXBuildFile; fileRef = 6B62BA751A035A630021C5C4 /* Images.xcassets */; };
		6B62BA791A035A630021C5C4 /* LaunchScreen.xib in Resources */ = {isa = PBXBuildFile; fileRef = 6B62BA771A035A630021C5C4 /* LaunchScreen.xib */; };
		6B62BA851A035A630021C5C4 /* MusicPlayer_DemoTests.swift in Sources */ = {isa = PBXBuildFile; fileRef = 6B62BA841A035A630021C5C4 /* MusicPlayer_DemoTests.swift */; };
		6B62BA8F1A035BE90021C5C4 /* MediaPlayer.framework in Frameworks */ = {isa = PBXBuildFile; fileRef = 6B62BA8E1A035BE90021C5C4 /* MediaPlayer.framework */; };
		6B7208161A04F010006655D1 /* PlayListTableViewController.swift in Sources */ = {isa = PBXBuildFile; fileRef = 6B7208151A04F010006655D1 /* PlayListTableViewController.swift */; };
/* End PBXBuildFile section */

/* Begin PBXContainerItemProxy section */
		6B62BA7F1A035A630021C5C4 /* PBXContainerItemProxy */ = {
			isa = PBXContainerItemProxy;
			containerPortal = 6B62BA611A035A630021C5C4 /* Project object */;
			proxyType = 1;
			remoteGlobalIDString = 6B62BA681A035A630021C5C4;
			remoteInfo = "MusicPlayer Demo";
		};
/* End PBXContainerItemProxy section */

/* Begin PBXFileReference section */
		6B62BA691A035A630021C5C4 /* MusicPlayer Demo.app */ = {isa = PBXFileReference; explicitFileType = wrapper.application; includeInIndex = 0; path = "MusicPlayer Demo.app"; sourceTree = BUILT_PRODUCTS_DIR; };
		6B62BA6D1A035A630021C5C4 /* Info.plist */ = {isa = PBXFileReference; lastKnownFileType = text.plist.xml; path = Info.plist; sourceTree = "<group>"; };
		6B62BA6E1A035A630021C5C4 /* AppDelegate.swift */ = {isa = PBXFileReference; lastKnownFileType = sourcecode.swift; path = AppDelegate.swift; sourceTree = "<group>"; };
		6B62BA701A035A630021C5C4 /* ViewController.swift */ = {isa = PBXFileReference; lastKnownFileType = sourcecode.swift; path = ViewController.swift; sourceTree = "<group>"; };
		6B62BA731A035A630021C5C4 /* Base */ = {isa = PBXFileReference; lastKnownFileType = file.storyboard; name = Base; path = Base.lproj/Main.storyboard; sourceTree = "<group>"; };
		6B62BA751A035A630021C5C4 /* Images.xcassets */ = {isa = PBXFileReference; lastKnownFileType = folder.assetcatalog; path = Images.xcassets; sourceTree = "<group>"; };
		6B62BA781A035A630021C5C4 /* Base */ = {isa = PBXFileReference; lastKnownFileType = file.xib; name = Base; path = Base.lproj/LaunchScreen.xib; sourceTree = "<group>"; };
		6B62BA7E1A035A630021C5C4 /* MusicPlayer DemoTests.xctest */ = {isa = PBXFileReference; explicitFileType = wrapper.cfbundle; includeInIndex = 0; path = "MusicPlayer DemoTests.xctest"; sourceTree = BUILT_PRODUCTS_DIR; };
		6B62BA831A035A630021C5C4 /* Info.plist */ = {isa = PBXFileReference; lastKnownFileType = text.plist.xml; path = Info.plist; sourceTree = "<group>"; };
		6B62BA841A035A630021C5C4 /* MusicPlayer_DemoTests.swift */ = {isa = PBXFileReference; lastKnownFileType = sourcecode.swift; path = MusicPlayer_DemoTests.swift; sourceTree = "<group>"; };
		6B62BA8E1A035BE90021C5C4 /* MediaPlayer.framework */ = {isa = PBXFileReference; lastKnownFileType = wrapper.framework; name = MediaPlayer.framework; path = System/Library/Frameworks/MediaPlayer.framework; sourceTree = SDKROOT; };
		6B7208151A04F010006655D1 /* PlayListTableViewController.swift */ = {isa = PBXFileReference; fileEncoding = 4; lastKnownFileType = sourcecode.swift; path = PlayListTableViewController.swift; sourceTree = "<group>"; };
/* End PBXFileReference section */

/* Begin PBXFrameworksBuildPhase section */
		6B62BA661A035A630021C5C4 /* Frameworks */ = {
			isa = PBXFrameworksBuildPhase;
			buildActionMask = 2147483647;
			files = (
				6B62BA8F1A035BE90021C5C4 /* MediaPlayer.framework in Frameworks */,
			);
			runOnlyForDeploymentPostprocessing = 0;
		};
		6B62BA7B1A035A630021C5C4 /* Frameworks */ = {
			isa = PBXFrameworksBuildPhase;
			buildActionMask = 2147483647;
			files = (
			);
			runOnlyForDeploymentPostprocessing = 0;
		};
/* End PBXFrameworksBuildPhase section */

/* Begin PBXGroup section */
		6B62BA601A035A630021C5C4 = {
			isa = PBXGroup;
			children = (
				6B62BA8E1A035BE90021C5C4 /* MediaPlayer.framework */,
				6B62BA6B1A035A630021C5C4 /* MusicPlayer Demo */,
				6B62BA811A035A630021C5C4 /* MusicPlayer DemoTests */,
				6B62BA6A1A035A630021C5C4 /* Products */,
			);
			sourceTree = "<group>";
		};
		6B62BA6A1A035A630021C5C4 /* Products */ = {
			isa = PBXGroup;
			children = (
				6B62BA691A035A630021C5C4 /* MusicPlayer Demo.app */,
				6B62BA7E1A035A630021C5C4 /* MusicPlayer DemoTests.xctest */,
			);
			name = Products;
			sourceTree = "<group>";
		};
		6B62BA6B1A035A630021C5C4 /* MusicPlayer Demo */ = {
			isa = PBXGroup;
			children = (
				6B62BA6E1A035A630021C5C4 /* AppDelegate.swift */,
				6B62BA701A035A630021C5C4 /* ViewController.swift */,
				6B62BA721A035A630021C5C4 /* Main.storyboard */,
				6B7208151A04F010006655D1 /* PlayListTableViewController.swift */,
				6B62BA751A035A630021C5C4 /* Images.xcassets */,
				6B62BA771A035A630021C5C4 /* LaunchScreen.xib */,
				6B62BA6C1A035A630021C5C4 /* Supporting Files */,
			);
			path = "MusicPlayer Demo";
			sourceTree = "<group>";
		};
		6B62BA6C1A035A630021C5C4 /* Supporting Files */ = {
			isa = PBXGroup;
			children = (
				6B62BA6D1A035A630021C5C4 /* Info.plist */,
			);
			name = "Supporting Files";
			sourceTree = "<group>";
		};
		6B62BA811A035A630021C5C4 /* MusicPlayer DemoTests */ = {
			isa = PBXGroup;
			children = (
				6B62BA841A035A630021C5C4 /* MusicPlayer_DemoTests.swift */,
				6B62BA821A035A630021C5C4 /* Supporting Files */,
			);
			path = "MusicPlayer DemoTests";
			sourceTree = "<group>";
		};
		6B62BA821A035A630021C5C4 /* Supporting Files */ = {
			isa = PBXGroup;
			children = (
				6B62BA831A035A630021C5C4 /* Info.plist */,
			);
			name = "Supporting Files";
			sourceTree = "<group>";
		};
/* End PBXGroup section */

/* Begin PBXNativeTarget section */
		6B62BA681A035A630021C5C4 /* MusicPlayer Demo */ = {
			isa = PBXNativeTarget;
			buildConfigurationList = 6B62BA881A035A630021C5C4 /* Build configuration list for PBXNativeTarget "MusicPlayer Demo" */;
			buildPhases = (
				6B62BA651A035A630021C5C4 /* Sources */,
				6B62BA661A035A630021C5C4 /* Frameworks */,
				6B62BA671A035A630021C5C4 /* Resources */,
			);
			buildRules = (
			);
			dependencies = (
			);
			name = "MusicPlayer Demo";
			productName = "MusicPlayer Demo";
			productReference = 6B62BA691A035A630021C5C4 /* MusicPlayer Demo.app */;
			productType = "com.apple.product-type.application";
		};
		6B62BA7D1A035A630021C5C4 /* MusicPlayer DemoTests */ = {
			isa = PBXNativeTarget;
			buildConfigurationList = 6B62BA8B1A035A630021C5C4 /* Build configuration list for PBXNativeTarget "MusicPlayer DemoTests" */;
			buildPhases = (
				6B62BA7A1A035A630021C5C4 /* Sources */,
				6B62BA7B1A035A630021C5C4 /* Frameworks */,
				6B62BA7C1A035A630021C5C4 /* Resources */,
			);
			buildRules = (
			);
			dependencies = (
				6B62BA801A035A630021C5C4 /* PBXTargetDependency */,
			);
			name = "MusicPlayer DemoTests";
			productName = "MusicPlayer DemoTests";
			productReference = 6B62BA7E1A035A630021C5C4 /* MusicPlayer DemoTests.xctest */;
			productType = "com.apple.product-type.bundle.unit-test";
		};
/* End PBXNativeTarget section */

/* Begin PBXProject section */
		6B62BA611A035A630021C5C4 /* Project object */ = {
			isa = PBXProject;
			attributes = {
				LastUpgradeCheck = 0610;
				ORGANIZATIONNAME = "dongeyoung(personal developer)";
				TargetAttributes = {
					6B62BA681A035A630021C5C4 = {
						CreatedOnToolsVersion = 6.1;
					};
					6B62BA7D1A035A630021C5C4 = {
						CreatedOnToolsVersion = 6.1;
						TestTargetID = 6B62BA681A035A630021C5C4;
					};
				};
			};
			buildConfigurationList = 6B62BA641A035A630021C5C4 /* Build configuration list for PBXProject "MusicPlayer Demo" */;
			compatibilityVersion = "Xcode 3.2";
			developmentRegion = English;
			hasScannedForEncodings = 0;
			knownRegions = (
				en,
				Base,
			);
			mainGroup = 6B62BA601A035A630021C5C4;
			productRefGroup = 6B62BA6A1A035A630021C5C4 /* Products */;
			projectDirPath = "";
			projectRoot = "";
			targets = (
				6B62BA681A035A630021C5C4 /* MusicPlayer Demo */,
				6B62BA7D1A035A630021C5C4 /* MusicPlayer DemoTests */,
			);
		};
/* End PBXProject section */

/* Begin PBXResourcesBuildPhase section */
		6B62BA671A035A630021C5C4 /* Resources */ = {
			isa = PBXResourcesBuildPhase;
			buildActionMask = 2147483647;
			files = (
				6B62BA741A035A630021C5C4 /* Main.storyboard in Resources */,
				6B62BA791A035A630021C5C4 /* LaunchScreen.xib in Resources */,
				6B62BA761A035A630021C5C4 /* Images.xcassets in Resources */,
			);
			runOnlyForDeploymentPostprocessing = 0;
		};
		6B62BA7C1A035A630021C5C4 /* Resources */ = {
			isa = PBXResourcesBuildPhase;
			buildActionMask = 2147483647;
			files = (
			);
			runOnlyForDeploymentPostprocessing = 0;
		};
/* End PBXResourcesBuildPhase section */

/* Begin PBXSourcesBuildPhase section */
		6B62BA651A035A630021C5C4 /* Sources */ = {
			isa = PBXSourcesBuildPhase;
			buildActionMask = 2147483647;
			files = (
				6B62BA711A035A630021C5C4 /* ViewController.swift in Sources */,
				6B62BA6F1A035A630021C5C4 /* AppDelegate.swift in Sources */,
				6B7208161A04F010006655D1 /* PlayListTableViewController.swift in Sources */,
			);
			runOnlyForDeploymentPostprocessing = 0;
		};
		6B62BA7A1A035A630021C5C4 /* Sources */ = {
			isa = PBXSourcesBuildPhase;
			buildActionMask = 2147483647;
			files = (
				6B62BA851A035A630021C5C4 /* MusicPlayer_DemoTests.swift in Sources */,
			);
			runOnlyForDeploymentPostprocessing = 0;
		};
/* End PBXSourcesBuildPhase section */

/* Begin PBXTargetDependency section */
		6B62BA801A035A630021C5C4 /* PBXTargetDependency */ = {
			isa = PBXTargetDependency;
			target = 6B62BA681A035A630021C5C4 /* MusicPlayer Demo */;
			targetProxy = 6B62BA7F1A035A630021C5C4 /* PBXContainerItemProxy */;
		};
/* End PBXTargetDependency section */

/* Begin PBXVariantGroup section */
		6B62BA721A035A630021C5C4 /* Main.storyboard */ = {
			isa = PBXVariantGroup;
			children = (
				6B62BA731A035A630021C5C4 /* Base */,
			);
			name = Main.storyboard;
			sourceTree = "<group>";
		};
		6B62BA771A035A630021C5C4 /* LaunchScreen.xib */ = {
			isa = PBXVariantGroup;
			children = (
				6B62BA781A035A630021C5C4 /* Base */,
			);
			name = LaunchScreen.xib;
			sourceTree = "<group>";
		};
/* End PBXVariantGroup section */

/* Begin XCBuildConfiguration section */
		6B62BA861A035A630021C5C4 /* Debug */ = {
			isa = XCBuildConfiguration;
			buildSettings = {
				ALWAYS_SEARCH_USER_PATHS = NO;
				CLANG_CXX_LANGUAGE_STANDARD = "gnu++0x";
				CLANG_CXX_LIBRARY = "libc++";
				CLANG_ENABLE_MODULES = YES;
				CLANG_ENABLE_OBJC_ARC = YES;
				CLANG_WARN_BOOL_CONVERSION = YES;
				CLANG_WARN_CONSTANT_CONVERSION = YES;
				CLANG_WARN_DIRECT_OBJC_ISA_USAGE = YES_ERROR;
				CLANG_WARN_EMPTY_BODY = YES;
				CLANG_WARN_ENUM_CONVERSION = YES;
				CLANG_WARN_INT_CONVERSION = YES;
				CLANG_WARN_OBJC_ROOT_CLASS = YES_ERROR;
				CLANG_WARN_UNREACHABLE_CODE = YES;
				CLANG_WARN__DUPLICATE_METHOD_MATCH = YES;
				"CODE_SIGN_IDENTITY[sdk=iphoneos*]" = "iPhone Developer";
				COPY_PHASE_STRIP = NO;
				ENABLE_STRICT_OBJC_MSGSEND = YES;
				GCC_C_LANGUAGE_STANDARD = gnu99;
				GCC_DYNAMIC_NO_PIC = NO;
				GCC_OPTIMIZATION_LEVEL = 0;
				GCC_PREPROCESSOR_DEFINITIONS = (
					"DEBUG=1",
					"$(inherited)",
				);
				GCC_SYMBOLS_PRIVATE_EXTERN = NO;
				GCC_WARN_64_TO_32_BIT_CONVERSION = YES;
				GCC_WARN_ABOUT_RETURN_TYPE = YES_ERROR;
				GCC_WARN_UNDECLARED_SELECTOR = YES;
				GCC_WARN_UNINITIALIZED_AUTOS = YES_AGGRESSIVE;
				GCC_WARN_UNUSED_FUNCTION = YES;
				GCC_WARN_UNUSED_VARIABLE = YES;
				IPHONEOS_DEPLOYMENT_TARGET = 8.1;
				MTL_ENABLE_DEBUG_INFO = YES;
				ONLY_ACTIVE_ARCH = YES;
				SDKROOT = iphoneos;
				SWIFT_OPTIMIZATION_LEVEL = "-Onone";
			};
			name = Debug;
		};
		6B62BA871A035A630021C5C4 /* Release */ = {
			isa = XCBuildConfiguration;
			buildSettings = {
				ALWAYS_SEARCH_USER_PATHS = NO;
				CLANG_CXX_LANGUAGE_STANDARD = "gnu++0x";
				CLANG_CXX_LIBRARY = "libc++";
				CLANG_ENABLE_MODULES = YES;
				CLANG_ENABLE_OBJC_ARC = YES;
				CLANG_WARN_BOOL_CONVERSION = YES;
				CLANG_WARN_CONSTANT_CONVERSION = YES;
				CLANG_WARN_DIRECT_OBJC_ISA_USAGE = YES_ERROR;
				CLANG_WARN_EMPTY_BODY = YES;
				CLANG_WARN_ENUM_CONVERSION = YES;
				CLANG_WARN_INT_CONVERSION = YES;
				CLANG_WARN_OBJC_ROOT_CLASS = YES_ERROR;
				CLANG_WARN_UNREACHABLE_CODE = YES;
				CLANG_WARN__DUPLICATE_METHOD_MATCH = YES;
				"CODE_SIGN_IDENTITY[sdk=iphoneos*]" = "iPhone Developer";
				COPY_PHASE_STRIP = YES;
				ENABLE_NS_ASSERTIONS = NO;
				ENABLE_STRICT_OBJC_MSGSEND = YES;
				GCC_C_LANGUAGE_STANDARD = gnu99;
				GCC_WARN_64_TO_32_BIT_CONVERSION = YES;
				GCC_WARN_ABOUT_RETURN_TYPE = YES_ERROR;
				GCC_WARN_UNDECLARED_SELECTOR = YES;
				GCC_WARN_UNINITIALIZED_AUTOS = YES_AGGRESSIVE;
				GCC_WARN_UNUSED_FUNCTION = YES;
				GCC_WARN_UNUSED_VARIABLE = YES;
				IPHONEOS_DEPLOYMENT_TARGET = 8.1;
				MTL_ENABLE_DEBUG_INFO = NO;
				SDKROOT = iphoneos;
				VALIDATE_PRODUCT = YES;
			};
			name = Release;
		};
		6B62BA891A035A630021C5C4 /* Debug */ = {
			isa = XCBuildConfiguration;
			buildSettings = {
				ASSETCATALOG_COMPILER_APPICON_NAME = AppIcon;
				INFOPLIST_FILE = "MusicPlayer Demo/Info.plist";
				LD_RUNPATH_SEARCH_PATHS = "$(inherited) @executable_path/Frameworks";
				PRODUCT_NAME = "$(TARGET_NAME)";
			};
			name = Debug;
		};
		6B62BA8A1A035A630021C5C4 /* Release */ = {
			isa = XCBuildConfiguration;
			buildSettings = {
				ASSETCATALOG_COMPILER_APPICON_NAME = AppIcon;
				INFOPLIST_FILE = "MusicPlayer Demo/Info.plist";
				LD_RUNPATH_SEARCH_PATHS = "$(inherited) @executable_path/Frameworks";
				PRODUCT_NAME = "$(TARGET_NAME)";
			};
			name = Release;
		};
		6B62BA8C1A035A630021C5C4 /* Debug */ = {
			isa = XCBuildConfiguration;
			buildSettings = {
				BUNDLE_LOADER = "$(TEST_HOST)";
				FRAMEWORK_SEARCH_PATHS = (
					"$(SDKROOT)/Developer/Library/Frameworks",
					"$(inherited)",
				);
				GCC_PREPROCESSOR_DEFINITIONS = (
					"DEBUG=1",
					"$(inherited)",
				);
				INFOPLIST_FILE = "MusicPlayer DemoTests/Info.plist";
				LD_RUNPATH_SEARCH_PATHS = "$(inherited) @executable_path/Frameworks @loader_path/Frameworks";
				PRODUCT_NAME = "$(TARGET_NAME)";
				TEST_HOST = "$(BUILT_PRODUCTS_DIR)/MusicPlayer Demo.app/MusicPlayer Demo";
			};
			name = Debug;
		};
		6B62BA8D1A035A630021C5C4 /* Release */ = {
			isa = XCBuildConfiguration;
			buildSettings = {
				BUNDLE_LOADER = "$(TEST_HOST)";
				FRAMEWORK_SEARCH_PATHS = (
					"$(SDKROOT)/Developer/Library/Frameworks",
					"$(inherited)",
				);
				INFOPLIST_FILE = "MusicPlayer DemoTests/Info.plist";
				LD_RUNPATH_SEARCH_PATHS = "$(inherited) @executable_path/Frameworks @loader_path/Frameworks";
				PRODUCT_NAME = "$(TARGET_NAME)";
				TEST_HOST = "$(BUILT_PRODUCTS_DIR)/MusicPlayer Demo.app/MusicPlayer Demo";
			};
			name = Release;
		};
/* End XCBuildConfiguration section */

/* Begin XCConfigurationList section */
		6B62BA641A035A630021C5C4 /* Build configuration list for PBXProject "MusicPlayer Demo" */ = {
			isa = XCConfigurationList;
			buildConfigurations = (
				6B62BA861A035A630021C5C4 /* Debug */,
				6B62BA871A035A630021C5C4 /* Release */,
			);
			defaultConfigurationIsVisible = 0;
			defaultConfigurationName = Release;
		};
		6B62BA881A035A630021C5C4 /* Build configuration list for PBXNativeTarget "MusicPlayer Demo" */ = {
			isa = XCConfigurationList;
			buildConfigurations = (
				6B62BA891A035A630021C5C4 /* Debug */,
				6B62BA8A1A035A630021C5C4 /* Release */,
			);
			defaultConfigurationIsVisible = 0;
			defaultConfigurationName = Release;
		};
		6B62BA8B1A035A630021C5C4 /* Build configuration list for PBXNativeTarget "MusicPlayer DemoTests" */ = {
			isa = XCConfigurationList;
			buildConfigurations = (
				6B62BA8C1A035A630021C5C4 /* Debug */,
				6B62BA8D1A035A630021C5C4 /* Release */,
			);
			defaultConfigurationIsVisible = 0;
			defaultConfigurationName = Release;
		};
/* End XCConfigurationList section */
	};
	rootObject = 6B62BA611A035A630021C5C4 /* Project object */;
}
